// !$*UTF8*$!
{
	archiveVersion = 1;
	classes = {
	};
	objectVersion = 51;
	objects = {

/* Begin PBXBuildFile section */
		2E2E6DDF2478DC0300D8E5A8 /* AppDelegate.swift in Sources */ = {isa = PBXBuildFile; fileRef = 2E2E6DDE2478DC0300D8E5A8 /* AppDelegate.swift */; };
		2E2E6DE12478DC0300D8E5A8 /* SceneDelegate.swift in Sources */ = {isa = PBXBuildFile; fileRef = 2E2E6DE02478DC0300D8E5A8 /* SceneDelegate.swift */; };
		2E2E6DE32478DC0300D8E5A8 /* ViewController.swift in Sources */ = {isa = PBXBuildFile; fileRef = 2E2E6DE22478DC0300D8E5A8 /* ViewController.swift */; };
		2E2E6DE62478DC0300D8E5A8 /* Main.storyboard in Resources */ = {isa = PBXBuildFile; fileRef = 2E2E6DE42478DC0300D8E5A8 /* Main.storyboard */; };
		2E2E6DE82478DC0600D8E5A8 /* Assets.xcassets in Resources */ = {isa = PBXBuildFile; fileRef = 2E2E6DE72478DC0600D8E5A8 /* Assets.xcassets */; };
		2E2E6DEB2478DC0600D8E5A8 /* LaunchScreen.storyboard in Resources */ = {isa = PBXBuildFile; fileRef = 2E2E6DE92478DC0600D8E5A8 /* LaunchScreen.storyboard */; };
		2E2E6DF32478DDAF00D8E5A8 /* Superheros.storyboard in Resources */ = {isa = PBXBuildFile; fileRef = 2E2E6DF22478DDAF00D8E5A8 /* Superheros.storyboard */; };
		2EF2DFF3247991FC00BE26BD /* ListHerosViewController.swift in Sources */ = {isa = PBXBuildFile; fileRef = 2EF2DFF2247991FC00BE26BD /* ListHerosViewController.swift */; };
		2EF2DFF824799E3C00BE26BD /* ApiServices.swift in Sources */ = {isa = PBXBuildFile; fileRef = 2EF2DFF724799E3C00BE26BD /* ApiServices.swift */; };
		2EF2DFFD2479C04500BE26BD /* HerosImage.swift in Sources */ = {isa = PBXBuildFile; fileRef = 2EF2DFFC2479C04500BE26BD /* HerosImage.swift */; };
		2EF2E00C247B9C0800BE26BD /* HerolUITableViewCell.swift in Sources */ = {isa = PBXBuildFile; fileRef = 2EF2E00B247B9C0800BE26BD /* HerolUITableViewCell.swift */; };
		2EF2E00E247B9C5000BE26BD /* HeroProfileViewController.swift in Sources */ = {isa = PBXBuildFile; fileRef = 2EF2E00D247B9C5000BE26BD /* HeroProfileViewController.swift */; };
		2EF2E010247B9CF900BE26BD /* HeroBiography.swift in Sources */ = {isa = PBXBuildFile; fileRef = 2EF2E00F247B9CF900BE26BD /* HeroBiography.swift */; };
		2EF2E012247B9D0E00BE26BD /* HeroImageCollectionViewCell.swift in Sources */ = {isa = PBXBuildFile; fileRef = 2EF2E011247B9D0E00BE26BD /* HeroImageCollectionViewCell.swift */; };
		2EF2E014247CDD8C00BE26BD /* HeroPowerstats.swift in Sources */ = {isa = PBXBuildFile; fileRef = 2EF2E013247CDD8C00BE26BD /* HeroPowerstats.swift */; };
		3F4F1907D49444051471D449 /* Pods_Superhero.framework in Frameworks */ = {isa = PBXBuildFile; fileRef = 409BAB5F6718F3433F2FDCD7 /* Pods_Superhero.framework */; };
/* End PBXBuildFile section */

/* Begin PBXFileReference section */
		1DD7B932B821A05CD69E5561 /* Pods-Superhero.release.xcconfig */ = {isa = PBXFileReference; includeInIndex = 1; lastKnownFileType = text.xcconfig; name = "Pods-Superhero.release.xcconfig"; path = "Target Support Files/Pods-Superhero/Pods-Superhero.release.xcconfig"; sourceTree = "<group>"; };
		2E2E6DDB2478DC0300D8E5A8 /* Superhero.app */ = {isa = PBXFileReference; explicitFileType = wrapper.application; includeInIndex = 0; path = Superhero.app; sourceTree = BUILT_PRODUCTS_DIR; };
		2E2E6DDE2478DC0300D8E5A8 /* AppDelegate.swift */ = {isa = PBXFileReference; lastKnownFileType = sourcecode.swift; path = AppDelegate.swift; sourceTree = "<group>"; };
		2E2E6DE02478DC0300D8E5A8 /* SceneDelegate.swift */ = {isa = PBXFileReference; lastKnownFileType = sourcecode.swift; path = SceneDelegate.swift; sourceTree = "<group>"; };
		2E2E6DE22478DC0300D8E5A8 /* ViewController.swift */ = {isa = PBXFileReference; lastKnownFileType = sourcecode.swift; path = ViewController.swift; sourceTree = "<group>"; };
		2E2E6DE52478DC0300D8E5A8 /* Base */ = {isa = PBXFileReference; lastKnownFileType = file.storyboard; name = Base; path = Base.lproj/Main.storyboard; sourceTree = "<group>"; };
		2E2E6DE72478DC0600D8E5A8 /* Assets.xcassets */ = {isa = PBXFileReference; lastKnownFileType = folder.assetcatalog; path = Assets.xcassets; sourceTree = "<group>"; };
		2E2E6DEA2478DC0600D8E5A8 /* Base */ = {isa = PBXFileReference; lastKnownFileType = file.storyboard; name = Base; path = Base.lproj/LaunchScreen.storyboard; sourceTree = "<group>"; };
		2E2E6DEC2478DC0600D8E5A8 /* Info.plist */ = {isa = PBXFileReference; lastKnownFileType = text.plist.xml; path = Info.plist; sourceTree = "<group>"; };
		2E2E6DF22478DDAF00D8E5A8 /* Superheros.storyboard */ = {isa = PBXFileReference; lastKnownFileType = file.storyboard; path = Superheros.storyboard; sourceTree = "<group>"; };
		2EF2DFF2247991FC00BE26BD /* ListHerosViewController.swift */ = {isa = PBXFileReference; fileEncoding = 4; lastKnownFileType = sourcecode.swift; name = ListHerosViewController.swift; path = Modules/ListHeros/ListHerosViewController.swift; sourceTree = "<group>"; };
		2EF2DFF724799E3C00BE26BD /* ApiServices.swift */ = {isa = PBXFileReference; fileEncoding = 4; lastKnownFileType = sourcecode.swift; name = ApiServices.swift; path = Networking/ApiServices.swift; sourceTree = "<group>"; };
		2EF2DFFC2479C04500BE26BD /* HerosImage.swift */ = {isa = PBXFileReference; fileEncoding = 4; lastKnownFileType = sourcecode.swift; name = HerosImage.swift; path = Models/HerosImage.swift; sourceTree = "<group>"; };
		2EF2E00B247B9C0800BE26BD /* HerolUITableViewCell.swift */ = {isa = PBXFileReference; fileEncoding = 4; lastKnownFileType = sourcecode.swift; name = HerolUITableViewCell.swift; path = Modules/ListHeros/HerolUITableViewCell.swift; sourceTree = "<group>"; };
		2EF2E00D247B9C5000BE26BD /* HeroProfileViewController.swift */ = {isa = PBXFileReference; fileEncoding = 4; lastKnownFileType = sourcecode.swift; name = HeroProfileViewController.swift; path = Modules/HeroProfile/HeroProfileViewController.swift; sourceTree = "<group>"; };
		2EF2E00F247B9CF900BE26BD /* HeroBiography.swift */ = {isa = PBXFileReference; fileEncoding = 4; lastKnownFileType = sourcecode.swift; name = HeroBiography.swift; path = Models/HeroBiography.swift; sourceTree = "<group>"; };
		2EF2E011247B9D0E00BE26BD /* HeroImageCollectionViewCell.swift */ = {isa = PBXFileReference; fileEncoding = 4; lastKnownFileType = sourcecode.swift; name = HeroImageCollectionViewCell.swift; path = Modules/ListHeros/HeroImageCollectionViewCell.swift; sourceTree = "<group>"; };
		2EF2E013247CDD8C00BE26BD /* HeroPowerstats.swift */ = {isa = PBXFileReference; lastKnownFileType = sourcecode.swift; name = HeroPowerstats.swift; path = Models/HeroPowerstats.swift; sourceTree = "<group>"; };
		409BAB5F6718F3433F2FDCD7 /* Pods_Superhero.framework */ = {isa = PBXFileReference; explicitFileType = wrapper.framework; includeInIndex = 0; path = Pods_Superhero.framework; sourceTree = BUILT_PRODUCTS_DIR; };
		43124DD03664003FA2ABDD50 /* Pods-Superhero.debug.xcconfig */ = {isa = PBXFileReference; includeInIndex = 1; lastKnownFileType = text.xcconfig; name = "Pods-Superhero.debug.xcconfig"; path = "Target Support Files/Pods-Superhero/Pods-Superhero.debug.xcconfig"; sourceTree = "<group>"; };
/* End PBXFileReference section */

/* Begin PBXFrameworksBuildPhase section */
		2E2E6DD82478DC0300D8E5A8 /* Frameworks */ = {
			isa = PBXFrameworksBuildPhase;
			buildActionMask = 2147483647;
			files = (
				3F4F1907D49444051471D449 /* Pods_Superhero.framework in Frameworks */,
			);
			runOnlyForDeploymentPostprocessing = 0;
		};
/* End PBXFrameworksBuildPhase section */

/* Begin PBXGroup section */
		2E2E6DD22478DC0300D8E5A8 = {
			isa = PBXGroup;
			children = (
				2E2E6DDD2478DC0300D8E5A8 /* Superhero */,
				2E2E6DDC2478DC0300D8E5A8 /* Products */,
				ECFF380F48A8AEF5BE714618 /* Pods */,
				72F489412AADB7CE81209650 /* Frameworks */,
			);
			sourceTree = "<group>";
		};
		2E2E6DDC2478DC0300D8E5A8 /* Products */ = {
			isa = PBXGroup;
			children = (
				2E2E6DDB2478DC0300D8E5A8 /* Superhero.app */,
			);
			name = Products;
			sourceTree = "<group>";
		};
		2E2E6DDD2478DC0300D8E5A8 /* Superhero */ = {
			isa = PBXGroup;
			children = (
				2E2E6DDE2478DC0300D8E5A8 /* AppDelegate.swift */,
				2E2E6DE02478DC0300D8E5A8 /* SceneDelegate.swift */,
				2E2E6DE22478DC0300D8E5A8 /* ViewController.swift */,
				2EF2DFFB2479C00600BE26BD /* Models */,
				2EF2DFF624799DE600BE26BD /* Networking */,
				2EF2DFF0247991A900BE26BD /* Modules */,
				2E2E6DF22478DDAF00D8E5A8 /* Superheros.storyboard */,
				2E2E6DE72478DC0600D8E5A8 /* Assets.xcassets */,
				2E2E6DE42478DC0300D8E5A8 /* Main.storyboard */,
				2E2E6DE92478DC0600D8E5A8 /* LaunchScreen.storyboard */,
				2E2E6DEC2478DC0600D8E5A8 /* Info.plist */,
			);
			path = Superhero;
			sourceTree = "<group>";
		};
		2EF2DFF0247991A900BE26BD /* Modules */ = {
			isa = PBXGroup;
			children = (
				2EF2E004247B588800BE26BD /* HeroProfile */,
				2EF2DFF1247991C300BE26BD /* ListHeros */,
			);
			name = Modules;
			sourceTree = "<group>";
		};
		2EF2DFF1247991C300BE26BD /* ListHeros */ = {
			isa = PBXGroup;
			children = (
				2EF2E011247B9D0E00BE26BD /* HeroImageCollectionViewCell.swift */,
				2EF2E00B247B9C0800BE26BD /* HerolUITableViewCell.swift */,
				2EF2DFF2247991FC00BE26BD /* ListHerosViewController.swift */,
			);
			name = ListHeros;
			sourceTree = "<group>";
		};
		2EF2DFF624799DE600BE26BD /* Networking */ = {
			isa = PBXGroup;
			children = (
				2EF2DFF724799E3C00BE26BD /* ApiServices.swift */,
			);
			name = Networking;
			sourceTree = "<group>";
		};
		2EF2DFFB2479C00600BE26BD /* Models */ = {
			isa = PBXGroup;
			children = (
				2EF2E00F247B9CF900BE26BD /* HeroBiography.swift */,
				2EF2DFFC2479C04500BE26BD /* HerosImage.swift */,
				2EF2E013247CDD8C00BE26BD /* HeroPowerstats.swift */,
			);
			name = Models;
			sourceTree = "<group>";
		};
		2EF2E004247B588800BE26BD /* HeroProfile */ = {
			isa = PBXGroup;
			children = (
				2EF2E00D247B9C5000BE26BD /* HeroProfileViewController.swift */,
			);
			name = HeroProfile;
			sourceTree = "<group>";
		};
		72F489412AADB7CE81209650 /* Frameworks */ = {
			isa = PBXGroup;
			children = (
				409BAB5F6718F3433F2FDCD7 /* Pods_Superhero.framework */,
			);
			name = Frameworks;
			sourceTree = "<group>";
		};
		ECFF380F48A8AEF5BE714618 /* Pods */ = {
			isa = PBXGroup;
			children = (
				43124DD03664003FA2ABDD50 /* Pods-Superhero.debug.xcconfig */,
				1DD7B932B821A05CD69E5561 /* Pods-Superhero.release.xcconfig */,
			);
			path = Pods;
			sourceTree = "<group>";
		};
/* End PBXGroup section */

/* Begin PBXNativeTarget section */
		2E2E6DDA2478DC0300D8E5A8 /* Superhero */ = {
			isa = PBXNativeTarget;
			buildConfigurationList = 2E2E6DEF2478DC0600D8E5A8 /* Build configuration list for PBXNativeTarget "Superhero" */;
			buildPhases = (
				570319DBBCAD5BFF3D53EF64 /* [CP] Check Pods Manifest.lock */,
				2E2E6DD72478DC0300D8E5A8 /* Sources */,
				2E2E6DD82478DC0300D8E5A8 /* Frameworks */,
				2E2E6DD92478DC0300D8E5A8 /* Resources */,
				BB43D7E4391FEB07B82834FC /* [CP] Embed Pods Frameworks */,
			);
			buildRules = (
			);
			dependencies = (
			);
			name = Superhero;
			productName = Superhero;
			productReference = 2E2E6DDB2478DC0300D8E5A8 /* Superhero.app */;
			productType = "com.apple.product-type.application";
		};
/* End PBXNativeTarget section */

/* Begin PBXProject section */
		2E2E6DD32478DC0300D8E5A8 /* Project object */ = {
			isa = PBXProject;
			attributes = {
				LastSwiftUpdateCheck = 1130;
				LastUpgradeCheck = 1130;
				ORGANIZATIONNAME = com.coppel;
				TargetAttributes = {
					2E2E6DDA2478DC0300D8E5A8 = {
						CreatedOnToolsVersion = 11.3.1;
					};
				};
			};
			buildConfigurationList = 2E2E6DD62478DC0300D8E5A8 /* Build configuration list for PBXProject "Superhero" */;
			compatibilityVersion = "Xcode 9.3";
			developmentRegion = en;
			hasScannedForEncodings = 0;
			knownRegions = (
				en,
				Base,
			);
			mainGroup = 2E2E6DD22478DC0300D8E5A8;
			productRefGroup = 2E2E6DDC2478DC0300D8E5A8 /* Products */;
			projectDirPath = "";
			projectRoot = "";
			targets = (
				2E2E6DDA2478DC0300D8E5A8 /* Superhero */,
			);
		};
/* End PBXProject section */

/* Begin PBXResourcesBuildPhase section */
		2E2E6DD92478DC0300D8E5A8 /* Resources */ = {
			isa = PBXResourcesBuildPhase;
			buildActionMask = 2147483647;
			files = (
				2E2E6DF32478DDAF00D8E5A8 /* Superheros.storyboard in Resources */,
				2E2E6DEB2478DC0600D8E5A8 /* LaunchScreen.storyboard in Resources */,
				2E2E6DE82478DC0600D8E5A8 /* Assets.xcassets in Resources */,
				2E2E6DE62478DC0300D8E5A8 /* Main.storyboard in Resources */,
			);
			runOnlyForDeploymentPostprocessing = 0;
		};
/* End PBXResourcesBuildPhase section */

/* Begin PBXShellScriptBuildPhase section */
		570319DBBCAD5BFF3D53EF64 /* [CP] Check Pods Manifest.lock */ = {
			isa = PBXShellScriptBuildPhase;
			buildActionMask = 2147483647;
			files = (
			);
			inputFileListPaths = (
			);
			inputPaths = (
				"${PODS_PODFILE_DIR_PATH}/Podfile.lock",
				"${PODS_ROOT}/Manifest.lock",
			);
			name = "[CP] Check Pods Manifest.lock";
			outputFileListPaths = (
			);
			outputPaths = (
				"$(DERIVED_FILE_DIR)/Pods-Superhero-checkManifestLockResult.txt",
			);
			runOnlyForDeploymentPostprocessing = 0;
			shellPath = /bin/sh;
			shellScript = "diff \"${PODS_PODFILE_DIR_PATH}/Podfile.lock\" \"${PODS_ROOT}/Manifest.lock\" > /dev/null\nif [ $? != 0 ] ; then\n    # print error to STDERR\n    echo \"error: The sandbox is not in sync with the Podfile.lock. Run 'pod install' or update your CocoaPods installation.\" >&2\n    exit 1\nfi\n# This output is used by Xcode 'outputs' to avoid re-running this script phase.\necho \"SUCCESS\" > \"${SCRIPT_OUTPUT_FILE_0}\"\n";
			showEnvVarsInLog = 0;
		};
		BB43D7E4391FEB07B82834FC /* [CP] Embed Pods Frameworks */ = {
			isa = PBXShellScriptBuildPhase;
			buildActionMask = 2147483647;
			files = (
			);
			inputFileListPaths = (
				"${PODS_ROOT}/Target Support Files/Pods-Superhero/Pods-Superhero-frameworks-${CONFIGURATION}-input-files.xcfilelist",
			);
			name = "[CP] Embed Pods Frameworks";
			outputFileListPaths = (
				"${PODS_ROOT}/Target Support Files/Pods-Superhero/Pods-Superhero-frameworks-${CONFIGURATION}-output-files.xcfilelist",
			);
			runOnlyForDeploymentPostprocessing = 0;
			shellPath = /bin/sh;
			shellScript = "\"${PODS_ROOT}/Target Support Files/Pods-Superhero/Pods-Superhero-frameworks.sh\"\n";
			showEnvVarsInLog = 0;
		};
/* End PBXShellScriptBuildPhase section */

/* Begin PBXSourcesBuildPhase section */
		2E2E6DD72478DC0300D8E5A8 /* Sources */ = {
			isa = PBXSourcesBuildPhase;
			buildActionMask = 2147483647;
			files = (
				2EF2DFF3247991FC00BE26BD /* ListHerosViewController.swift in Sources */,
				2EF2DFFD2479C04500BE26BD /* HerosImage.swift in Sources */,
				2E2E6DE32478DC0300D8E5A8 /* ViewController.swift in Sources */,
				2EF2E00E247B9C5000BE26BD /* HeroProfileViewController.swift in Sources */,
				2E2E6DDF2478DC0300D8E5A8 /* AppDelegate.swift in Sources */,
				2E2E6DE12478DC0300D8E5A8 /* SceneDelegate.swift in Sources */,
				2EF2E012247B9D0E00BE26BD /* HeroImageCollectionViewCell.swift in Sources */,
				2EF2E00C247B9C0800BE26BD /* HerolUITableViewCell.swift in Sources */,
				2EF2DFF824799E3C00BE26BD /* ApiServices.swift in Sources */,
				2EF2E014247CDD8C00BE26BD /* HeroPowerstats.swift in Sources */,
				2EF2E010247B9CF900BE26BD /* HeroBiography.swift in Sources */,
			);
			runOnlyForDeploymentPostprocessing = 0;
		};
/* End PBXSourcesBuildPhase section */

/* Begin PBXVariantGroup section */
		2E2E6DE42478DC0300D8E5A8 /* Main.storyboard */ = {
			isa = PBXVariantGroup;
			children = (
				2E2E6DE52478DC0300D8E5A8 /* Base */,
			);
			name = Main.storyboard;
			sourceTree = "<group>";
		};
		2E2E6DE92478DC0600D8E5A8 /* LaunchScreen.storyboard */ = {
			isa = PBXVariantGroup;
			children = (
				2E2E6DEA2478DC0600D8E5A8 /* Base */,
			);
			name = LaunchScreen.storyboard;
			sourceTree = "<group>";
		};
/* End PBXVariantGroup section */

/* Begin XCBuildConfiguration section */
		2E2E6DED2478DC0600D8E5A8 /* Debug */ = {
			isa = XCBuildConfiguration;
			buildSettings = {
				ALWAYS_SEARCH_USER_PATHS = NO;
				CLANG_ANALYZER_NONNULL = YES;
				CLANG_ANALYZER_NUMBER_OBJECT_CONVERSION = YES_AGGRESSIVE;
				CLANG_CXX_LANGUAGE_STANDARD = "gnu++14";
				CLANG_CXX_LIBRARY = "libc++";
				CLANG_ENABLE_MODULES = YES;
				CLANG_ENABLE_OBJC_ARC = YES;
				CLANG_ENABLE_OBJC_WEAK = YES;
				CLANG_WARN_BLOCK_CAPTURE_AUTORELEASING = YES;
				CLANG_WARN_BOOL_CONVERSION = YES;
				CLANG_WARN_COMMA = YES;
				CLANG_WARN_CONSTANT_CONVERSION = YES;
				CLANG_WARN_DEPRECATED_OBJC_IMPLEMENTATIONS = YES;
				CLANG_WARN_DIRECT_OBJC_ISA_USAGE = YES_ERROR;
				CLANG_WARN_DOCUMENTATION_COMMENTS = YES;
				CLANG_WARN_EMPTY_BODY = YES;
				CLANG_WARN_ENUM_CONVERSION = YES;
				CLANG_WARN_INFINITE_RECURSION = YES;
				CLANG_WARN_INT_CONVERSION = YES;
				CLANG_WARN_NON_LITERAL_NULL_CONVERSION = YES;
				CLANG_WARN_OBJC_IMPLICIT_RETAIN_SELF = YES;
				CLANG_WARN_OBJC_LITERAL_CONVERSION = YES;
				CLANG_WARN_OBJC_ROOT_CLASS = YES_ERROR;
				CLANG_WARN_RANGE_LOOP_ANALYSIS = YES;
				CLANG_WARN_STRICT_PROTOTYPES = YES;
				CLANG_WARN_SUSPICIOUS_MOVE = YES;
				CLANG_WARN_UNGUARDED_AVAILABILITY = YES_AGGRESSIVE;
				CLANG_WARN_UNREACHABLE_CODE = YES;
				CLANG_WARN__DUPLICATE_METHOD_MATCH = YES;
				COPY_PHASE_STRIP = NO;
				DEBUG_INFORMATION_FORMAT = dwarf;
				ENABLE_STRICT_OBJC_MSGSEND = YES;
				ENABLE_TESTABILITY = YES;
				GCC_C_LANGUAGE_STANDARD = gnu11;
				GCC_DYNAMIC_NO_PIC = NO;
				GCC_NO_COMMON_BLOCKS = YES;
				GCC_OPTIMIZATION_LEVEL = 0;
				GCC_PREPROCESSOR_DEFINITIONS = (
					"DEBUG=1",
					"$(inherited)",
				);
				GCC_WARN_64_TO_32_BIT_CONVERSION = YES;
				GCC_WARN_ABOUT_RETURN_TYPE = YES_ERROR;
				GCC_WARN_UNDECLARED_SELECTOR = YES;
				GCC_WARN_UNINITIALIZED_AUTOS = YES_AGGRESSIVE;
				GCC_WARN_UNUSED_FUNCTION = YES;
				GCC_WARN_UNUSED_VARIABLE = YES;
				IPHONEOS_DEPLOYMENT_TARGET = 13.2;
				MTL_ENABLE_DEBUG_INFO = INCLUDE_SOURCE;
				MTL_FAST_MATH = YES;
				ONLY_ACTIVE_ARCH = YES;
				SDKROOT = iphoneos;
				SWIFT_ACTIVE_COMPILATION_CONDITIONS = DEBUG;
				SWIFT_OPTIMIZATION_LEVEL = "-Onone";
			};
			name = Debug;
		};
		2E2E6DEE2478DC0600D8E5A8 /* Release */ = {
			isa = XCBuildConfiguration;
			buildSettings = {
				ALWAYS_SEARCH_USER_PATHS = NO;
				CLANG_ANALYZER_NONNULL = YES;
				CLANG_ANALYZER_NUMBER_OBJECT_CONVERSION = YES_AGGRESSIVE;
				CLANG_CXX_LANGUAGE_STANDARD = "gnu++14";
				CLANG_CXX_LIBRARY = "libc++";
				CLANG_ENABLE_MODULES = YES;
				CLANG_ENABLE_OBJC_ARC = YES;
				CLANG_ENABLE_OBJC_WEAK = YES;
				CLANG_WARN_BLOCK_CAPTURE_AUTORELEASING = YES;
				CLANG_WARN_BOOL_CONVERSION = YES;
				CLANG_WARN_COMMA = YES;
				CLANG_WARN_CONSTANT_CONVERSION = YES;
				CLANG_WARN_DEPRECATED_OBJC_IMPLEMENTATIONS = YES;
				CLANG_WARN_DIRECT_OBJC_ISA_USAGE = YES_ERROR;
				CLANG_WARN_DOCUMENTATION_COMMENTS = YES;
				CLANG_WARN_EMPTY_BODY = YES;
				CLANG_WARN_ENUM_CONVERSION = YES;
				CLANG_WARN_INFINITE_RECURSION = YES;
				CLANG_WARN_INT_CONVERSION = YES;
				CLANG_WARN_NON_LITERAL_NULL_CONVERSION = YES;
				CLANG_WARN_OBJC_IMPLICIT_RETAIN_SELF = YES;
				CLANG_WARN_OBJC_LITERAL_CONVERSION = YES;
				CLANG_WARN_OBJC_ROOT_CLASS = YES_ERROR;
				CLANG_WARN_RANGE_LOOP_ANALYSIS = YES;
				CLANG_WARN_STRICT_PROTOTYPES = YES;
				CLANG_WARN_SUSPICIOUS_MOVE = YES;
				CLANG_WARN_UNGUARDED_AVAILABILITY = YES_AGGRESSIVE;
				CLANG_WARN_UNREACHABLE_CODE = YES;
				CLANG_WARN__DUPLICATE_METHOD_MATCH = YES;
				COPY_PHASE_STRIP = NO;
				DEBUG_INFORMATION_FORMAT = "dwarf-with-dsym";
				ENABLE_NS_ASSERTIONS = NO;
				ENABLE_STRICT_OBJC_MSGSEND = YES;
				GCC_C_LANGUAGE_STANDARD = gnu11;
				GCC_NO_COMMON_BLOCKS = YES;
				GCC_WARN_64_TO_32_BIT_CONVERSION = YES;
				GCC_WARN_ABOUT_RETURN_TYPE = YES_ERROR;
				GCC_WARN_UNDECLARED_SELECTOR = YES;
				GCC_WARN_UNINITIALIZED_AUTOS = YES_AGGRESSIVE;
				GCC_WARN_UNUSED_FUNCTION = YES;
				GCC_WARN_UNUSED_VARIABLE = YES;
				IPHONEOS_DEPLOYMENT_TARGET = 13.2;
				MTL_ENABLE_DEBUG_INFO = NO;
				MTL_FAST_MATH = YES;
				SDKROOT = iphoneos;
				SWIFT_COMPILATION_MODE = wholemodule;
				SWIFT_OPTIMIZATION_LEVEL = "-O";
				VALIDATE_PRODUCT = YES;
			};
			name = Release;
		};
		2E2E6DF02478DC0600D8E5A8 /* Debug */ = {
			isa = XCBuildConfiguration;
			baseConfigurationReference = 43124DD03664003FA2ABDD50 /* Pods-Superhero.debug.xcconfig */;
			buildSettings = {
				ASSETCATALOG_COMPILER_APPICON_NAME = AppIcon;
				CODE_SIGN_STYLE = Automatic;
				DEVELOPMENT_TEAM = FLJ5886PD2;
				INFOPLIST_FILE = Superhero/Info.plist;
				LD_RUNPATH_SEARCH_PATHS = (
					"$(inherited)",
					"@executable_path/Frameworks",
				);
				PRODUCT_BUNDLE_IDENTIFIER = com.coppel.Superhero;
				PRODUCT_NAME = "$(TARGET_NAME)";
				SWIFT_VERSION = 5.0;
				TARGETED_DEVICE_FAMILY = "1,2";
			};
			name = Debug;
		};
		2E2E6DF12478DC0600D8E5A8 /* Release */ = {
			isa = XCBuildConfiguration;
			baseConfigurationReference = 1DD7B932B821A05CD69E5561 /* Pods-Superhero.release.xcconfig */;
			buildSettings = {
				ASSETCATALOG_COMPILER_APPICON_NAME = AppIcon;
				CODE_SIGN_STYLE = Automatic;
				DEVELOPMENT_TEAM = FLJ5886PD2;
				INFOPLIST_FILE = Superhero/Info.plist;
				LD_RUNPATH_SEARCH_PATHS = (
					"$(inherited)",
					"@executable_path/Frameworks",
				);
				PRODUCT_BUNDLE_IDENTIFIER = com.coppel.Superhero;
				PRODUCT_NAME = "$(TARGET_NAME)";
				SWIFT_VERSION = 5.0;
				TARGETED_DEVICE_FAMILY = "1,2";
			};
			name = Release;
		};
/* End XCBuildConfiguration section */

/* Begin XCConfigurationList section */
		2E2E6DD62478DC0300D8E5A8 /* Build configuration list for PBXProject "Superhero" */ = {
			isa = XCConfigurationList;
			buildConfigurations = (
				2E2E6DED2478DC0600D8E5A8 /* Debug */,
				2E2E6DEE2478DC0600D8E5A8 /* Release */,
			);
			defaultConfigurationIsVisible = 0;
			defaultConfigurationName = Release;
		};
		2E2E6DEF2478DC0600D8E5A8 /* Build configuration list for PBXNativeTarget "Superhero" */ = {
			isa = XCConfigurationList;
			buildConfigurations = (
				2E2E6DF02478DC0600D8E5A8 /* Debug */,
				2E2E6DF12478DC0600D8E5A8 /* Release */,
			);
			defaultConfigurationIsVisible = 0;
			defaultConfigurationName = Release;
		};
/* End XCConfigurationList section */
	};
	rootObject = 2E2E6DD32478DC0300D8E5A8 /* Project object */;
}
